
Microsoft Visual Studio Solution File, Format Version 11.00
# Visual Studio 2010
Project("{FAE04EC0-301F-11D3-BF4B-00C04F79EFBC}") = "TypeScanner", "TypeScanner\TypeScanner.csproj", "{85384C3A-9D9A-4DC7-9E03-D9775D3BE822}"
EndProject
Project("{FAE04EC0-301F-11D3-BF4B-00C04F79EFBC}") = "TypeScanner.Specs", "TypeScanner.Specs\TypeScanner.Specs.csproj", "{0BA1F198-EA71-4E68-AF78-027A926FE939}"
EndProject
Global
	GlobalSection(SolutionConfigurationPlatforms) = preSolution
		Debug|Any CPU = Debug|Any CPU
		Release|Any CPU = Release|Any CPU
	EndGlobalSection
	GlobalSection(ProjectConfigurationPlatforms) = postSolution
		{85384C3A-9D9A-4DC7-9E03-D9775D3BE822}.Debug|Any CPU.ActiveCfg = Debug|Any CPU
		{85384C3A-9D9A-4DC7-9E03-D9775D3BE822}.Debug|Any CPU.Build.0 = Debug|Any CPU
		{85384C3A-9D9A-4DC7-9E03-D9775D3BE822}.Release|Any CPU.ActiveCfg = Release|Any CPU
		{85384C3A-9D9A-4DC7-9E03-D9775D3BE822}.Release|Any CPU.Build.0 = Release|Any CPU
		{0BA1F198-EA71-4E68-AF78-027A926FE939}.Debug|Any CPU.ActiveCfg = Debug|Any CPU
		{0BA1F198-EA71-4E68-AF78-027A926FE939}.Debug|Any CPU.Build.0 = Debug|Any CPU
		{0BA1F198-EA71-4E68-AF78-027A926FE939}.Release|Any CPU.ActiveCfg = Release|Any CPU
		{0BA1F198-EA71-4E68-AF78-027A926FE939}.Release|Any CPU.Build.0 = Release|Any CPU
	EndGlobalSection
	GlobalSection(SolutionProperties) = preSolution
		HideSolutionNode = FALSE
	EndGlobalSection
EndGlobal
